// !$*UTF8*$!
{
	archiveVersion = 1;
	classes = {
	};
	objectVersion = 77;
	objects = {

/* Begin PBXContainerItemProxy section */
		6FFCB0512D1930F00079BDAD /* PBXContainerItemProxy */ = {
			isa = PBXContainerItemProxy;
			containerPortal = 6FFCB0322D1930EF0079BDAD /* Project object */;
			proxyType = 1;
			remoteGlobalIDString = 6FFCB0392D1930EF0079BDAD;
			remoteInfo = "Who's the best?";
		};
		6FFCB05B2D1930F00079BDAD /* PBXContainerItemProxy */ = {
			isa = PBXContainerItemProxy;
			containerPortal = 6FFCB0322D1930EF0079BDAD /* Project object */;
			proxyType = 1;
			remoteGlobalIDString = 6FFCB0392D1930EF0079BDAD;
			remoteInfo = "Who's the best?";
		};
/* End PBXContainerItemProxy section */

/* Begin PBXFileReference section */
		6FFCB03A2D1930EF0079BDAD /* Who's the best?.app */ = {isa = PBXFileReference; explicitFileType = wrapper.application; includeInIndex = 0; path = "Who's the best?.app"; sourceTree = BUILT_PRODUCTS_DIR; };
		6FFCB0502D1930F00079BDAD /* Who's the best?Tests.xctest */ = {isa = PBXFileReference; explicitFileType = wrapper.cfbundle; includeInIndex = 0; path = "Who's the best?Tests.xctest"; sourceTree = BUILT_PRODUCTS_DIR; };
		6FFCB05A2D1930F00079BDAD /* Who's the best?UITests.xctest */ = {isa = PBXFileReference; explicitFileType = wrapper.cfbundle; includeInIndex = 0; path = "Who's the best?UITests.xctest"; sourceTree = BUILT_PRODUCTS_DIR; };
/* End PBXFileReference section */

/* Begin PBXFileSystemSynchronizedBuildFileExceptionSet section */
		6FFCB0622D1930F00079BDAD /* Exceptions for "Who's the best?" folder in "Who's the best?" target */ = {
			isa = PBXFileSystemSynchronizedBuildFileExceptionSet;
			membershipExceptions = (
				Info.plist,
			);
			target = 6FFCB0392D1930EF0079BDAD /* Who's the best? */;
		};
/* End PBXFileSystemSynchronizedBuildFileExceptionSet section */

/* Begin PBXFileSystemSynchronizedRootGroup section */
		6FFCB03C2D1930EF0079BDAD /* Who's the best? */ = {
			isa = PBXFileSystemSynchronizedRootGroup;
			exceptions = (
				6FFCB0622D1930F00079BDAD /* Exceptions for "Who's the best?" folder in "Who's the best?" target */,
			);
			path = "Who's the best?";
			sourceTree = "<group>";
		};
		6FFCB0532D1930F00079BDAD /* Who's the best?Tests */ = {
			isa = PBXFileSystemSynchronizedRootGroup;
			path = "Who's the best?Tests";
			sourceTree = "<group>";
		};
		6FFCB05D2D1930F00079BDAD /* Who's the best?UITests */ = {
			isa = PBXFileSystemSynchronizedRootGroup;
			path = "Who's the best?UITests";
			sourceTree = "<group>";
		};
/* End PBXFileSystemSynchronizedRootGroup section */

/* Begin PBXFrameworksBuildPhase section */
		6FFCB0372D1930EF0079BDAD /* Frameworks */ = {
			isa = PBXFrameworksBuildPhase;
			buildActionMask = 2147483647;
			files = (
			);
			runOnlyForDeploymentPostprocessing = 0;
		};
		6FFCB04D2D1930F00079BDAD /* Frameworks */ = {
			isa = PBXFrameworksBuildPhase;
			buildActionMask = 2147483647;
			files = (
			);
			runOnlyForDeploymentPostprocessing = 0;
		};
		6FFCB0572D1930F00079BDAD /* Frameworks */ = {
			isa = PBXFrameworksBuildPhase;
			buildActionMask = 2147483647;
			files = (
			);
			runOnlyForDeploymentPostprocessing = 0;
		};
/* End PBXFrameworksBuildPhase section */

/* Begin PBXGroup section */
		6FFCB0312D1930EF0079BDAD = {
			isa = PBXGroup;
			children = (
				6FFCB03C2D1930EF0079BDAD /* Who's the best? */,
				6FFCB0532D1930F00079BDAD /* Who's the best?Tests */,
				6FFCB05D2D1930F00079BDAD /* Who's the best?UITests */,
				6FFCB03B2D1930EF0079BDAD /* Products */,
			);
			sourceTree = "<group>";
		};
		6FFCB03B2D1930EF0079BDAD /* Products */ = {
			isa = PBXGroup;
			children = (
				6FFCB03A2D1930EF0079BDAD /* Who's the best?.app */,
				6FFCB0502D1930F00079BDAD /* Who's the best?Tests.xctest */,
				6FFCB05A2D1930F00079BDAD /* Who's the best?UITests.xctest */,
			);
			name = Products;
			sourceTree = "<group>";
		};
/* End PBXGroup section */

/* Begin PBXNativeTarget section */
		6FFCB0392D1930EF0079BDAD /* Who's the best? */ = {
			isa = PBXNativeTarget;
			buildConfigurationList = 6FFCB0632D1930F00079BDAD /* Build configuration list for PBXNativeTarget "Who's the best?" */;
			buildPhases = (
				6FFCB0362D1930EF0079BDAD /* Sources */,
				6FFCB0372D1930EF0079BDAD /* Frameworks */,
				6FFCB0382D1930EF0079BDAD /* Resources */,
			);
			buildRules = (
			);
			dependencies = (
			);
			fileSystemSynchronizedGroups = (
				6FFCB03C2D1930EF0079BDAD /* Who's the best? */,
			);
			name = "Who's the best?";
			packageProductDependencies = (
			);
			productName = "Who's the best?";
			productReference = 6FFCB03A2D1930EF0079BDAD /* Who's the best?.app */;
			productType = "com.apple.product-type.application";
		};
		6FFCB04F2D1930F00079BDAD /* Who's the best?Tests */ = {
			isa = PBXNativeTarget;
			buildConfigurationList = 6FFCB0682D1930F00079BDAD /* Build configuration list for PBXNativeTarget "Who's the best?Tests" */;
			buildPhases = (
				6FFCB04C2D1930F00079BDAD /* Sources */,
				6FFCB04D2D1930F00079BDAD /* Frameworks */,
				6FFCB04E2D1930F00079BDAD /* Resources */,
			);
			buildRules = (
			);
			dependencies = (
				6FFCB0522D1930F00079BDAD /* PBXTargetDependency */,
			);
			fileSystemSynchronizedGroups = (
				6FFCB0532D1930F00079BDAD /* Who's the best?Tests */,
			);
			name = "Who's the best?Tests";
			packageProductDependencies = (
			);
			productName = "Who's the best?Tests";
			productReference = 6FFCB0502D1930F00079BDAD /* Who's the best?Tests.xctest */;
			productType = "com.apple.product-type.bundle.unit-test";
		};
		6FFCB0592D1930F00079BDAD /* Who's the best?UITests */ = {
			isa = PBXNativeTarget;
			buildConfigurationList = 6FFCB06B2D1930F00079BDAD /* Build configuration list for PBXNativeTarget "Who's the best?UITests" */;
			buildPhases = (
				6FFCB0562D1930F00079BDAD /* Sources */,
				6FFCB0572D1930F00079BDAD /* Frameworks */,
				6FFCB0582D1930F00079BDAD /* Resources */,
			);
			buildRules = (
			);
			dependencies = (
				6FFCB05C2D1930F00079BDAD /* PBXTargetDependency */,
			);
			fileSystemSynchronizedGroups = (
				6FFCB05D2D1930F00079BDAD /* Who's the best?UITests */,
			);
			name = "Who's the best?UITests";
			packageProductDependencies = (
			);
			productName = "Who's the best?UITests";
			productReference = 6FFCB05A2D1930F00079BDAD /* Who's the best?UITests.xctest */;
			productType = "com.apple.product-type.bundle.ui-testing";
		};
/* End PBXNativeTarget section */

/* Begin PBXProject section */
		6FFCB0322D1930EF0079BDAD /* Project object */ = {
			isa = PBXProject;
			attributes = {
				BuildIndependentTargetsInParallel = 1;
				LastSwiftUpdateCheck = 1620;
				LastUpgradeCheck = 1620;
				TargetAttributes = {
					6FFCB0392D1930EF0079BDAD = {
						CreatedOnToolsVersion = 16.2;
					};
					6FFCB04F2D1930F00079BDAD = {
						CreatedOnToolsVersion = 16.2;
						TestTargetID = 6FFCB0392D1930EF0079BDAD;
					};
					6FFCB0592D1930F00079BDAD = {
						CreatedOnToolsVersion = 16.2;
						TestTargetID = 6FFCB0392D1930EF0079BDAD;
					};
				};
			};
			buildConfigurationList = 6FFCB0352D1930EF0079BDAD /* Build configuration list for PBXProject "Who's the best?" */;
			developmentRegion = en;
			hasScannedForEncodings = 0;
			knownRegions = (
				en,
				Base,
			);
			mainGroup = 6FFCB0312D1930EF0079BDAD;
			minimizedProjectReferenceProxies = 1;
			preferredProjectObjectVersion = 77;
			productRefGroup = 6FFCB03B2D1930EF0079BDAD /* Products */;
			projectDirPath = "";
			projectRoot = "";
			targets = (
				6FFCB0392D1930EF0079BDAD /* Who's the best? */,
				6FFCB04F2D1930F00079BDAD /* Who's the best?Tests */,
				6FFCB0592D1930F00079BDAD /* Who's the best?UITests */,
			);
		};
/* End PBXProject section */

/* Begin PBXResourcesBuildPhase section */
		6FFCB0382D1930EF0079BDAD /* Resources */ = {
			isa = PBXResourcesBuildPhase;
			buildActionMask = 2147483647;
			files = (
			);
			runOnlyForDeploymentPostprocessing = 0;
		};
		6FFCB04E2D1930F00079BDAD /* Resources */ = {
			isa = PBXResourcesBuildPhase;
			buildActionMask = 2147483647;
			files = (
			);
			runOnlyForDeploymentPostprocessing = 0;
		};
		6FFCB0582D1930F00079BDAD /* Resources */ = {
			isa = PBXResourcesBuildPhase;
			buildActionMask = 2147483647;
			files = (
			);
			runOnlyForDeploymentPostprocessing = 0;
		};
/* End PBXResourcesBuildPhase section */

/* Begin PBXSourcesBuildPhase section */
		6FFCB0362D1930EF0079BDAD /* Sources */ = {
			isa = PBXSourcesBuildPhase;
			buildActionMask = 2147483647;
			files = (
			);
			runOnlyForDeploymentPostprocessing = 0;
		};
		6FFCB04C2D1930F00079BDAD /* Sources */ = {
			isa = PBXSourcesBuildPhase;
			buildActionMask = 2147483647;
			files = (
			);
			runOnlyForDeploymentPostprocessing = 0;
		};
		6FFCB0562D1930F00079BDAD /* Sources */ = {
			isa = PBXSourcesBuildPhase;
			buildActionMask = 2147483647;
			files = (
			);
			runOnlyForDeploymentPostprocessing = 0;
		};
/* End PBXSourcesBuildPhase section */

/* Begin PBXTargetDependency section */
		6FFCB0522D1930F00079BDAD /* PBXTargetDependency */ = {
			isa = PBXTargetDependency;
			target = 6FFCB0392D1930EF0079BDAD /* Who's the best? */;
			targetProxy = 6FFCB0512D1930F00079BDAD /* PBXContainerItemProxy */;
		};
		6FFCB05C2D1930F00079BDAD /* PBXTargetDependency */ = {
			isa = PBXTargetDependency;
			target = 6FFCB0392D1930EF0079BDAD /* Who's the best? */;
			targetProxy = 6FFCB05B2D1930F00079BDAD /* PBXContainerItemProxy */;
		};
/* End PBXTargetDependency section */

/* Begin XCBuildConfiguration section */
		6FFCB0642D1930F00079BDAD /* Debug */ = {
			isa = XCBuildConfiguration;
			buildSettings = {
				ASSETCATALOG_COMPILER_APPICON_NAME = AppIcon;
				ASSETCATALOG_COMPILER_GLOBAL_ACCENT_COLOR_NAME = AccentColor;
				CODE_SIGN_STYLE = Automatic;
				CURRENT_PROJECT_VERSION = 1;
				DEVELOPMENT_TEAM = 2U7T9YF942;
				GENERATE_INFOPLIST_FILE = YES;
				INFOPLIST_FILE = "Who's the best?/Info.plist";
				INFOPLIST_KEY_UIApplicationSupportsIndirectInputEvents = YES;
				INFOPLIST_KEY_UILaunchStoryboardName = LaunchScreen;
				INFOPLIST_KEY_UIMainStoryboardFile = Main;
				INFOPLIST_KEY_UISupportedInterfaceOrientations_iPad = "UIInterfaceOrientationPortrait UIInterfaceOrientationPortraitUpsideDown UIInterfaceOrientationLandscapeLeft UIInterfaceOrientationLandscapeRight";
				INFOPLIST_KEY_UISupportedInterfaceOrientations_iPhone = "UIInterfaceOrientationPortrait UIInterfaceOrientationLandscapeLeft UIInterfaceOrientationLandscapeRight";
				IPHONEOS_DEPLOYMENT_TARGET = 15.6;
				LD_RUNPATH_SEARCH_PATHS = (
					"$(inherited)",
					"@executable_path/Frameworks",
				);
				MARKETING_VERSION = 1.0;
				PRODUCT_BUNDLE_IDENTIFIER = "br.com.gmail.morais.caioa.Who-s-the-best-";
				PRODUCT_NAME = "$(TARGET_NAME)";
				SWIFT_EMIT_LOC_STRINGS = YES;
				SWIFT_VERSION = 5.0;
				TARGETED_DEVICE_FAMILY = "1,2";
			};
			name = Debug;
		};
		6FFCB0652D1930F00079BDAD /* Release */ = {
			isa = XCBuildConfiguration;
			buildSettings = {
				ASSETCATALOG_COMPILER_APPICON_NAME = AppIcon;
				ASSETCATALOG_COMPILER_GLOBAL_ACCENT_COLOR_NAME = AccentColor;
				CODE_SIGN_STYLE = Automatic;
				CURRENT_PROJECT_VERSION = 1;
				DEVELOPMENT_TEAM = 2U7T9YF942;
				GENERATE_INFOPLIST_FILE = YES;
				INFOPLIST_FILE = "Who's the best?/Info.plist";
				INFOPLIST_KEY_UIApplicationSupportsIndirectInputEvents = YES;
				INFOPLIST_KEY_UILaunchStoryboardName = LaunchScreen;
				INFOPLIST_KEY_UIMainStoryboardFile = Main;
				INFOPLIST_KEY_UISupportedInterfaceOrientations_iPad = "UIInterfaceOrientationPortrait UIInterfaceOrientationPortraitUpsideDown UIInterfaceOrientationLandscapeLeft UIInterfaceOrientationLandscapeRight";
				INFOPLIST_KEY_UISupportedInterfaceOrientations_iPhone = "UIInterfaceOrientationPortrait UIInterfaceOrientationLandscapeLeft UIInterfaceOrientationLandscapeRight";
				IPHONEOS_DEPLOYMENT_TARGET = 15.6;
				LD_RUNPATH_SEARCH_PATHS = (
					"$(inherited)",
					"@executable_path/Frameworks",
				);
				MARKETING_VERSION = 1.0;
				PRODUCT_BUNDLE_IDENTIFIER = "br.com.gmail.morais.caioa.Who-s-the-best-";
				PRODUCT_NAME = "$(TARGET_NAME)";
				SWIFT_EMIT_LOC_STRINGS = YES;
				SWIFT_VERSION = 5.0;
				TARGETED_DEVICE_FAMILY = "1,2";
			};
			name = Release;
		};
		6FFCB0662D1930F00079BDAD /* Debug */ = {
			isa = XCBuildConfiguration;
			buildSettings = {
				ALWAYS_SEARCH_USER_PATHS = NO;
				ASSETCATALOG_COMPILER_GENERATE_SWIFT_ASSET_SYMBOL_EXTENSIONS = YES;
				CLANG_ANALYZER_NONNULL = YES;
				CLANG_ANALYZER_NUMBER_OBJECT_CONVERSION = YES_AGGRESSIVE;
				CLANG_CXX_LANGUAGE_STANDARD = "gnu++20";
				CLANG_ENABLE_MODULES = YES;
				CLANG_ENABLE_OBJC_ARC = YES;
				CLANG_ENABLE_OBJC_WEAK = YES;
				CLANG_WARN_BLOCK_CAPTURE_AUTORELEASING = YES;
				CLANG_WARN_BOOL_CONVERSION = YES;
				CLANG_WARN_COMMA = YES;
				CLANG_WARN_CONSTANT_CONVERSION = YES;
				CLANG_WARN_DEPRECATED_OBJC_IMPLEMENTATIONS = YES;
				CLANG_WARN_DIRECT_OBJC_ISA_USAGE = YES_ERROR;
				CLANG_WARN_DOCUMENTATION_COMMENTS = YES;
				CLANG_WARN_EMPTY_BODY = YES;
				CLANG_WARN_ENUM_CONVERSION = YES;
				CLANG_WARN_INFINITE_RECURSION = YES;
				CLANG_WARN_INT_CONVERSION = YES;
				CLANG_WARN_NON_LITERAL_NULL_CONVERSION = YES;
				CLANG_WARN_OBJC_IMPLICIT_RETAIN_SELF = YES;
				CLANG_WARN_OBJC_LITERAL_CONVERSION = YES;
				CLANG_WARN_OBJC_ROOT_CLASS = YES_ERROR;
				CLANG_WARN_QUOTED_INCLUDE_IN_FRAMEWORK_HEADER = YES;
				CLANG_WARN_RANGE_LOOP_ANALYSIS = YES;
				CLANG_WARN_STRICT_PROTOTYPES = YES;
				CLANG_WARN_SUSPICIOUS_MOVE = YES;
				CLANG_WARN_UNGUARDED_AVAILABILITY = YES_AGGRESSIVE;
				CLANG_WARN_UNREACHABLE_CODE = YES;
				CLANG_WARN__DUPLICATE_METHOD_MATCH = YES;
				COPY_PHASE_STRIP = NO;
				DEBUG_INFORMATION_FORMAT = dwarf;
				ENABLE_STRICT_OBJC_MSGSEND = YES;
				ENABLE_TESTABILITY = YES;
				ENABLE_USER_SCRIPT_SANDBOXING = YES;
				GCC_C_LANGUAGE_STANDARD = gnu17;
				GCC_DYNAMIC_NO_PIC = NO;
				GCC_NO_COMMON_BLOCKS = YES;
				GCC_OPTIMIZATION_LEVEL = 0;
				GCC_PREPROCESSOR_DEFINITIONS = (
					"DEBUG=1",
					"$(inherited)",
				);
				GCC_WARN_64_TO_32_BIT_CONVERSION = YES;
				GCC_WARN_ABOUT_RETURN_TYPE = YES_ERROR;
				GCC_WARN_UNDECLARED_SELECTOR = YES;
				GCC_WARN_UNINITIALIZED_AUTOS = YES_AGGRESSIVE;
				GCC_WARN_UNUSED_FUNCTION = YES;
				GCC_WARN_UNUSED_VARIABLE = YES;
				IPHONEOS_DEPLOYMENT_TARGET = 18.2;
				LOCALIZATION_PREFERS_STRING_CATALOGS = YES;
				MTL_ENABLE_DEBUG_INFO = INCLUDE_SOURCE;
				MTL_FAST_MATH = YES;
				ONLY_ACTIVE_ARCH = YES;
				SDKROOT = iphoneos;
				SWIFT_ACTIVE_COMPILATION_CONDITIONS = "DEBUG $(inherited)";
				SWIFT_OPTIMIZATION_LEVEL = "-Onone";
			};
			name = Debug;
		};
		6FFCB0672D1930F00079BDAD /* Release */ = {
			isa = XCBuildConfiguration;
			buildSettings = {
				ALWAYS_SEARCH_USER_PATHS = NO;
				ASSETCATALOG_COMPILER_GENERATE_SWIFT_ASSET_SYMBOL_EXTENSIONS = YES;
				CLANG_ANALYZER_NONNULL = YES;
				CLANG_ANALYZER_NUMBER_OBJECT_CONVERSION = YES_AGGRESSIVE;
				CLANG_CXX_LANGUAGE_STANDARD = "gnu++20";
				CLANG_ENABLE_MODULES = YES;
				CLANG_ENABLE_OBJC_ARC = YES;
				CLANG_ENABLE_OBJC_WEAK = YES;
				CLANG_WARN_BLOCK_CAPTURE_AUTORELEASING = YES;
				CLANG_WARN_BOOL_CONVERSION = YES;
				CLANG_WARN_COMMA = YES;
				CLANG_WARN_CONSTANT_CONVERSION = YES;
				CLANG_WARN_DEPRECATED_OBJC_IMPLEMENTATIONS = YES;
				CLANG_WARN_DIRECT_OBJC_ISA_USAGE = YES_ERROR;
				CLANG_WARN_DOCUMENTATION_COMMENTS = YES;
				CLANG_WARN_EMPTY_BODY = YES;
				CLANG_WARN_ENUM_CONVERSION = YES;
				CLANG_WARN_INFINITE_RECURSION = YES;
				CLANG_WARN_INT_CONVERSION = YES;
				CLANG_WARN_NON_LITERAL_NULL_CONVERSION = YES;
				CLANG_WARN_OBJC_IMPLICIT_RETAIN_SELF = YES;
				CLANG_WARN_OBJC_LITERAL_CONVERSION = YES;
				CLANG_WARN_OBJC_ROOT_CLASS = YES_ERROR;
				CLANG_WARN_QUOTED_INCLUDE_IN_FRAMEWORK_HEADER = YES;
				CLANG_WARN_RANGE_LOOP_ANALYSIS = YES;
				CLANG_WARN_STRICT_PROTOTYPES = YES;
				CLANG_WARN_SUSPICIOUS_MOVE = YES;
				CLANG_WARN_UNGUARDED_AVAILABILITY = YES_AGGRESSIVE;
				CLANG_WARN_UNREACHABLE_CODE = YES;
				CLANG_WARN__DUPLICATE_METHOD_MATCH = YES;
				COPY_PHASE_STRIP = NO;
				DEBUG_INFORMATION_FORMAT = "dwarf-with-dsym";
				ENABLE_NS_ASSERTIONS = NO;
				ENABLE_STRICT_OBJC_MSGSEND = YES;
				ENABLE_USER_SCRIPT_SANDBOXING = YES;
				GCC_C_LANGUAGE_STANDARD = gnu17;
				GCC_NO_COMMON_BLOCKS = YES;
				GCC_WARN_64_TO_32_BIT_CONVERSION = YES;
				GCC_WARN_ABOUT_RETURN_TYPE = YES_ERROR;
				GCC_WARN_UNDECLARED_SELECTOR = YES;
				GCC_WARN_UNINITIALIZED_AUTOS = YES_AGGRESSIVE;
				GCC_WARN_UNUSED_FUNCTION = YES;
				GCC_WARN_UNUSED_VARIABLE = YES;
				IPHONEOS_DEPLOYMENT_TARGET = 18.2;
				LOCALIZATION_PREFERS_STRING_CATALOGS = YES;
				MTL_ENABLE_DEBUG_INFO = NO;
				MTL_FAST_MATH = YES;
				SDKROOT = iphoneos;
				SWIFT_COMPILATION_MODE = wholemodule;
				VALIDATE_PRODUCT = YES;
			};
			name = Release;
		};
		6FFCB0692D1930F00079BDAD /* Debug */ = {
			isa = XCBuildConfiguration;
			buildSettings = {
				BUNDLE_LOADER = "$(TEST_HOST)";
				CODE_SIGN_STYLE = Automatic;
				CURRENT_PROJECT_VERSION = 1;
				DEVELOPMENT_TEAM = 2U7T9YF942;
				GENERATE_INFOPLIST_FILE = YES;
				IPHONEOS_DEPLOYMENT_TARGET = 18.2;
				MARKETING_VERSION = 1.0;
				PRODUCT_BUNDLE_IDENTIFIER = "br.com.gmail.morais.caioa.Who-s-the-best-Tests";
				PRODUCT_NAME = "$(TARGET_NAME)";
				SWIFT_EMIT_LOC_STRINGS = NO;
				SWIFT_VERSION = 5.0;
				TARGETED_DEVICE_FAMILY = "1,2";
				TEST_HOST = "$(BUILT_PRODUCTS_DIR)/Who's the best?.app/$(BUNDLE_EXECUTABLE_FOLDER_PATH)/Who's the best?";
			};
			name = Debug;
		};
		6FFCB06A2D1930F00079BDAD /* Release */ = {
			isa = XCBuildConfiguration;
			buildSettings = {
				BUNDLE_LOADER = "$(TEST_HOST)";
				CODE_SIGN_STYLE = Automatic;
				CURRENT_PROJECT_VERSION = 1;
				DEVELOPMENT_TEAM = 2U7T9YF942;
				GENERATE_INFOPLIST_FILE = YES;
				IPHONEOS_DEPLOYMENT_TARGET = 18.2;
				MARKETING_VERSION = 1.0;
				PRODUCT_BUNDLE_IDENTIFIER = "br.com.gmail.morais.caioa.Who-s-the-best-Tests";
				PRODUCT_NAME = "$(TARGET_NAME)";
				SWIFT_EMIT_LOC_STRINGS = NO;
				SWIFT_VERSION = 5.0;
				TARGETED_DEVICE_FAMILY = "1,2";
				TEST_HOST = "$(BUILT_PRODUCTS_DIR)/Who's the best?.app/$(BUNDLE_EXECUTABLE_FOLDER_PATH)/Who's the best?";
			};
			name = Release;
		};
		6FFCB06C2D1930F00079BDAD /* Debug */ = {
			isa = XCBuildConfiguration;
			buildSettings = {
				CODE_SIGN_STYLE = Automatic;
				CURRENT_PROJECT_VERSION = 1;
				DEVELOPMENT_TEAM = 2U7T9YF942;
				GENERATE_INFOPLIST_FILE = YES;
				MARKETING_VERSION = 1.0;
				PRODUCT_BUNDLE_IDENTIFIER = "br.com.gmail.morais.caioa.Who-s-the-best-UITests";
				PRODUCT_NAME = "$(TARGET_NAME)";
				SWIFT_EMIT_LOC_STRINGS = NO;
				SWIFT_VERSION = 5.0;
				TARGETED_DEVICE_FAMILY = "1,2";
				TEST_TARGET_NAME = "Who's the best?";
			};
			name = Debug;
		};
		6FFCB06D2D1930F00079BDAD /* Release */ = {
			isa = XCBuildConfiguration;
			buildSettings = {
				CODE_SIGN_STYLE = Automatic;
				CURRENT_PROJECT_VERSION = 1;
				DEVELOPMENT_TEAM = 2U7T9YF942;
				GENERATE_INFOPLIST_FILE = YES;
				MARKETING_VERSION = 1.0;
				PRODUCT_BUNDLE_IDENTIFIER = "br.com.gmail.morais.caioa.Who-s-the-best-UITests";
				PRODUCT_NAME = "$(TARGET_NAME)";
				SWIFT_EMIT_LOC_STRINGS = NO;
				SWIFT_VERSION = 5.0;
				TARGETED_DEVICE_FAMILY = "1,2";
				TEST_TARGET_NAME = "Who's the best?";
			};
			name = Release;
		};
/* End XCBuildConfiguration section */

/* Begin XCConfigurationList section */
		6FFCB0352D1930EF0079BDAD /* Build configuration list for PBXProject "Who's the best?" */ = {
			isa = XCConfigurationList;
			buildConfigurations = (
				6FFCB0662D1930F00079BDAD /* Debug */,
				6FFCB0672D1930F00079BDAD /* Release */,
			);
			defaultConfigurationIsVisible = 0;
			defaultConfigurationName = Release;
		};
		6FFCB0632D1930F00079BDAD /* Build configuration list for PBXNativeTarget "Who's the best?" */ = {
			isa = XCConfigurationList;
			buildConfigurations = (
				6FFCB0642D1930F00079BDAD /* Debug */,
				6FFCB0652D1930F00079BDAD /* Release */,
			);
			defaultConfigurationIsVisible = 0;
			defaultConfigurationName = Release;
		};
		6FFCB0682D1930F00079BDAD /* Build configuration list for PBXNativeTarget "Who's the best?Tests" */ = {
			isa = XCConfigurationList;
			buildConfigurations = (
				6FFCB0692D1930F00079BDAD /* Debug */,
				6FFCB06A2D1930F00079BDAD /* Release */,
			);
			defaultConfigurationIsVisible = 0;
			defaultConfigurationName = Release;
		};
		6FFCB06B2D1930F00079BDAD /* Build configuration list for PBXNativeTarget "Who's the best?UITests" */ = {
			isa = XCConfigurationList;
			buildConfigurations = (
				6FFCB06C2D1930F00079BDAD /* Debug */,
				6FFCB06D2D1930F00079BDAD /* Release */,
			);
			defaultConfigurationIsVisible = 0;
			defaultConfigurationName = Release;
		};
/* End XCConfigurationList section */
	};
	rootObject = 6FFCB0322D1930EF0079BDAD /* Project object */;
}
